// !$*UTF8*$!
{
	archiveVersion = 1;
	classes = {
	};
	objectVersion = 56;
	objects = {

/* Begin PBXBuildFile section */
		FA99A3A42C7CF91D00D382F5 /* DailiesApp.swift in Sources */ = {isa = PBXBuildFile; fileRef = FA99A3A32C7CF91D00D382F5 /* DailiesApp.swift */; };
		FA99A3A62C7CF91D00D382F5 /* GamesGridView.swift in Sources */ = {isa = PBXBuildFile; fileRef = FA99A3A52C7CF91D00D382F5 /* GamesGridView.swift */; };
		FA99A3A82C7CF91D00D382F5 /* Assets.xcassets in Resources */ = {isa = PBXBuildFile; fileRef = FA99A3A72C7CF91D00D382F5 /* Assets.xcassets */; };
		FA99A3AB2C7CF91D00D382F5 /* Preview Assets.xcassets in Resources */ = {isa = PBXBuildFile; fileRef = FA99A3AA2C7CF91D00D382F5 /* Preview Assets.xcassets */; };
		FA99A3B42C7D05AE00D382F5 /* Game.swift in Sources */ = {isa = PBXBuildFile; fileRef = FA99A3B32C7D05AE00D382F5 /* Game.swift */; };
		FA99A3B62C7D05C300D382F5 /* WebView.swift in Sources */ = {isa = PBXBuildFile; fileRef = FA99A3B52C7D05C300D382F5 /* WebView.swift */; };
		FA99A3B82C7D070400D382F5 /* GameGridItem.swift in Sources */ = {isa = PBXBuildFile; fileRef = FA99A3B72C7D070400D382F5 /* GameGridItem.swift */; };
		FA99A3C12C7F848600D382F5 /* GameGridItem2.swift in Sources */ = {isa = PBXBuildFile; fileRef = FA99A3C02C7F848600D382F5 /* GameGridItem2.swift */; };
		FA99A3C32C7F8C8C00D382F5 /* HomeView.swift in Sources */ = {isa = PBXBuildFile; fileRef = FA99A3C22C7F8C8C00D382F5 /* HomeView.swift */; };
		FA99A3C62C7F8EAD00D382F5 /* UserManager.swift in Sources */ = {isa = PBXBuildFile; fileRef = FA99A3C52C7F8EAD00D382F5 /* UserManager.swift */; };
		FA99A3C82C7F8FCA00D382F5 /* GamesVM.swift in Sources */ = {isa = PBXBuildFile; fileRef = FA99A3C72C7F8FCA00D382F5 /* GamesVM.swift */; };
		FA99A3CA2C7FB34900D382F5 /* String+Ext.swift in Sources */ = {isa = PBXBuildFile; fileRef = FA99A3C92C7FB34900D382F5 /* String+Ext.swift */; };
		FA99A3CE2C7FFC9E00D382F5 /* GameListView.swift in Sources */ = {isa = PBXBuildFile; fileRef = FA99A3CD2C7FFC9E00D382F5 /* GameListView.swift */; };
		FAA9F8892C8254DC0055FC33 /* Array+Ext.swift in Sources */ = {isa = PBXBuildFile; fileRef = FAA9F8882C8254DC0055FC33 /* Array+Ext.swift */; };
		FAA9F88B2C8799120055FC33 /* OnboardingView.swift in Sources */ = {isa = PBXBuildFile; fileRef = FAA9F88A2C8799120055FC33 /* OnboardingView.swift */; };
/* End PBXBuildFile section */

/* Begin PBXFileReference section */
		FA99A3A02C7CF91D00D382F5 /* Gamedles.app */ = {isa = PBXFileReference; explicitFileType = wrapper.application; includeInIndex = 0; path = Gamedles.app; sourceTree = BUILT_PRODUCTS_DIR; };
		FA99A3A32C7CF91D00D382F5 /* DailiesApp.swift */ = {isa = PBXFileReference; lastKnownFileType = sourcecode.swift; path = DailiesApp.swift; sourceTree = "<group>"; };
		FA99A3A52C7CF91D00D382F5 /* GamesGridView.swift */ = {isa = PBXFileReference; lastKnownFileType = sourcecode.swift; path = GamesGridView.swift; sourceTree = "<group>"; };
		FA99A3A72C7CF91D00D382F5 /* Assets.xcassets */ = {isa = PBXFileReference; lastKnownFileType = folder.assetcatalog; path = Assets.xcassets; sourceTree = "<group>"; };
		FA99A3AA2C7CF91D00D382F5 /* Preview Assets.xcassets */ = {isa = PBXFileReference; lastKnownFileType = folder.assetcatalog; path = "Preview Assets.xcassets"; sourceTree = "<group>"; };
		FA99A3B32C7D05AE00D382F5 /* Game.swift */ = {isa = PBXFileReference; lastKnownFileType = sourcecode.swift; path = Game.swift; sourceTree = "<group>"; };
		FA99A3B52C7D05C300D382F5 /* WebView.swift */ = {isa = PBXFileReference; lastKnownFileType = sourcecode.swift; path = WebView.swift; sourceTree = "<group>"; };
		FA99A3B72C7D070400D382F5 /* GameGridItem.swift */ = {isa = PBXFileReference; lastKnownFileType = sourcecode.swift; path = GameGridItem.swift; sourceTree = "<group>"; };
		FA99A3C02C7F848600D382F5 /* GameGridItem2.swift */ = {isa = PBXFileReference; lastKnownFileType = sourcecode.swift; path = GameGridItem2.swift; sourceTree = "<group>"; };
		FA99A3C22C7F8C8C00D382F5 /* HomeView.swift */ = {isa = PBXFileReference; lastKnownFileType = sourcecode.swift; path = HomeView.swift; sourceTree = "<group>"; };
		FA99A3C52C7F8EAD00D382F5 /* UserManager.swift */ = {isa = PBXFileReference; lastKnownFileType = sourcecode.swift; path = UserManager.swift; sourceTree = "<group>"; };
		FA99A3C72C7F8FCA00D382F5 /* GamesVM.swift */ = {isa = PBXFileReference; lastKnownFileType = sourcecode.swift; path = GamesVM.swift; sourceTree = "<group>"; };
		FA99A3C92C7FB34900D382F5 /* String+Ext.swift */ = {isa = PBXFileReference; lastKnownFileType = sourcecode.swift; path = "String+Ext.swift"; sourceTree = "<group>"; };
		FA99A3CD2C7FFC9E00D382F5 /* GameListView.swift */ = {isa = PBXFileReference; lastKnownFileType = sourcecode.swift; path = GameListView.swift; sourceTree = "<group>"; };
		FAA9F8882C8254DC0055FC33 /* Array+Ext.swift */ = {isa = PBXFileReference; lastKnownFileType = sourcecode.swift; path = "Array+Ext.swift"; sourceTree = "<group>"; };
		FAA9F88A2C8799120055FC33 /* OnboardingView.swift */ = {isa = PBXFileReference; lastKnownFileType = sourcecode.swift; path = OnboardingView.swift; sourceTree = "<group>"; };
/* End PBXFileReference section */

/* Begin PBXFrameworksBuildPhase section */
		FA99A39D2C7CF91D00D382F5 /* Frameworks */ = {
			isa = PBXFrameworksBuildPhase;
			buildActionMask = 2147483647;
			files = (
			);
			runOnlyForDeploymentPostprocessing = 0;
		};
/* End PBXFrameworksBuildPhase section */

/* Begin PBXGroup section */
		FA99A3972C7CF91D00D382F5 = {
			isa = PBXGroup;
			children = (
				FA99A3A22C7CF91D00D382F5 /* Gamedles */,
				FA99A3A12C7CF91D00D382F5 /* Products */,
			);
			sourceTree = "<group>";
		};
		FA99A3A12C7CF91D00D382F5 /* Products */ = {
			isa = PBXGroup;
			children = (
				FA99A3A02C7CF91D00D382F5 /* Gamedles.app */,
			);
			name = Products;
			sourceTree = "<group>";
		};
		FA99A3A22C7CF91D00D382F5 /* Gamedles */ = {
			isa = PBXGroup;
			children = (
				FA99A3A32C7CF91D00D382F5 /* DailiesApp.swift */,
				FAA9F8872C811B730055FC33 /* View Models */,
				FA99A3BD2C7D0DD900D382F5 /* Utilities */,
				FA99A3BA2C7D0A1500D382F5 /* Screens */,
				FA99A3BC2C7D0A4100D382F5 /* Custom Views */,
				FA99A3B92C7D0A0B00D382F5 /* Models */,
				FA99A3A72C7CF91D00D382F5 /* Assets.xcassets */,
				FA99A3A92C7CF91D00D382F5 /* Preview Content */,
			);
			path = Gamedles;
			sourceTree = "<group>";
		};
		FA99A3A92C7CF91D00D382F5 /* Preview Content */ = {
			isa = PBXGroup;
			children = (
				FA99A3AA2C7CF91D00D382F5 /* Preview Assets.xcassets */,
			);
			path = "Preview Content";
			sourceTree = "<group>";
		};
		FA99A3B92C7D0A0B00D382F5 /* Models */ = {
			isa = PBXGroup;
			children = (
				FA99A3B32C7D05AE00D382F5 /* Game.swift */,
			);
			path = Models;
			sourceTree = "<group>";
		};
		FA99A3BA2C7D0A1500D382F5 /* Screens */ = {
			isa = PBXGroup;
			children = (
				FA99A3C42C7F8C9200D382F5 /* Home */,
				FA99A3BB2C7D0A2900D382F5 /* GamesGrid */,
				FAA9F88A2C8799120055FC33 /* OnboardingView.swift */,
			);
			path = Screens;
			sourceTree = "<group>";
		};
		FA99A3BB2C7D0A2900D382F5 /* GamesGrid */ = {
			isa = PBXGroup;
			children = (
				FA99A3A52C7CF91D00D382F5 /* GamesGridView.swift */,
			);
			path = GamesGrid;
			sourceTree = "<group>";
		};
		FA99A3BC2C7D0A4100D382F5 /* Custom Views */ = {
			isa = PBXGroup;
			children = (
				FA99A3B52C7D05C300D382F5 /* WebView.swift */,
				FA99A3B72C7D070400D382F5 /* GameGridItem.swift */,
				FA99A3C02C7F848600D382F5 /* GameGridItem2.swift */,
				FA99A3CD2C7FFC9E00D382F5 /* GameListView.swift */,
			);
			path = "Custom Views";
			sourceTree = "<group>";
		};
		FA99A3BD2C7D0DD900D382F5 /* Utilities */ = {
			isa = PBXGroup;
			children = (
				FA99A3C52C7F8EAD00D382F5 /* UserManager.swift */,
				FA99A3C92C7FB34900D382F5 /* String+Ext.swift */,
				FAA9F8882C8254DC0055FC33 /* Array+Ext.swift */,
			);
			path = Utilities;
			sourceTree = "<group>";
		};
		FA99A3C42C7F8C9200D382F5 /* Home */ = {
			isa = PBXGroup;
			children = (
				FA99A3C22C7F8C8C00D382F5 /* HomeView.swift */,
			);
			path = Home;
			sourceTree = "<group>";
		};
		FAA9F8872C811B730055FC33 /* View Models */ = {
			isa = PBXGroup;
			children = (
				FA99A3C72C7F8FCA00D382F5 /* GamesVM.swift */,
			);
			path = "View Models";
			sourceTree = "<group>";
		};
/* End PBXGroup section */

/* Begin PBXNativeTarget section */
		FA99A39F2C7CF91D00D382F5 /* Gamedles */ = {
			isa = PBXNativeTarget;
			buildConfigurationList = FA99A3AE2C7CF91D00D382F5 /* Build configuration list for PBXNativeTarget "Gamedles" */;
			buildPhases = (
				FA99A39C2C7CF91D00D382F5 /* Sources */,
				FA99A39D2C7CF91D00D382F5 /* Frameworks */,
				FA99A39E2C7CF91D00D382F5 /* Resources */,
			);
			buildRules = (
			);
			dependencies = (
			);
			name = Gamedles;
			productName = Dailies;
			productReference = FA99A3A02C7CF91D00D382F5 /* Gamedles.app */;
			productType = "com.apple.product-type.application";
		};
/* End PBXNativeTarget section */

/* Begin PBXProject section */
		FA99A3982C7CF91D00D382F5 /* Project object */ = {
			isa = PBXProject;
			attributes = {
				BuildIndependentTargetsInParallel = 1;
				LastSwiftUpdateCheck = 1540;
				LastUpgradeCheck = 1540;
				TargetAttributes = {
					FA99A39F2C7CF91D00D382F5 = {
						CreatedOnToolsVersion = 15.4;
					};
				};
			};
			buildConfigurationList = FA99A39B2C7CF91D00D382F5 /* Build configuration list for PBXProject "Gamedles" */;
			compatibilityVersion = "Xcode 14.0";
			developmentRegion = en;
			hasScannedForEncodings = 0;
			knownRegions = (
				en,
				Base,
			);
			mainGroup = FA99A3972C7CF91D00D382F5;
			productRefGroup = FA99A3A12C7CF91D00D382F5 /* Products */;
			projectDirPath = "";
			projectRoot = "";
			targets = (
				FA99A39F2C7CF91D00D382F5 /* Gamedles */,
			);
		};
/* End PBXProject section */

/* Begin PBXResourcesBuildPhase section */
		FA99A39E2C7CF91D00D382F5 /* Resources */ = {
			isa = PBXResourcesBuildPhase;
			buildActionMask = 2147483647;
			files = (
				FA99A3AB2C7CF91D00D382F5 /* Preview Assets.xcassets in Resources */,
				FA99A3A82C7CF91D00D382F5 /* Assets.xcassets in Resources */,
			);
			runOnlyForDeploymentPostprocessing = 0;
		};
/* End PBXResourcesBuildPhase section */

/* Begin PBXSourcesBuildPhase section */
		FA99A39C2C7CF91D00D382F5 /* Sources */ = {
			isa = PBXSourcesBuildPhase;
			buildActionMask = 2147483647;
			files = (
				FA99A3C62C7F8EAD00D382F5 /* UserManager.swift in Sources */,
				FA99A3C82C7F8FCA00D382F5 /* GamesVM.swift in Sources */,
				FA99A3CE2C7FFC9E00D382F5 /* GameListView.swift in Sources */,
				FA99A3A62C7CF91D00D382F5 /* GamesGridView.swift in Sources */,
				FA99A3B62C7D05C300D382F5 /* WebView.swift in Sources */,
				FA99A3A42C7CF91D00D382F5 /* DailiesApp.swift in Sources */,
				FA99A3C12C7F848600D382F5 /* GameGridItem2.swift in Sources */,
				FA99A3C32C7F8C8C00D382F5 /* HomeView.swift in Sources */,
				FA99A3B82C7D070400D382F5 /* GameGridItem.swift in Sources */,
				FAA9F8892C8254DC0055FC33 /* Array+Ext.swift in Sources */,
				FA99A3B42C7D05AE00D382F5 /* Game.swift in Sources */,
				FAA9F88B2C8799120055FC33 /* OnboardingView.swift in Sources */,
				FA99A3CA2C7FB34900D382F5 /* String+Ext.swift in Sources */,
			);
			runOnlyForDeploymentPostprocessing = 0;
		};
/* End PBXSourcesBuildPhase section */

/* Begin XCBuildConfiguration section */
		FA99A3AC2C7CF91D00D382F5 /* Debug */ = {
			isa = XCBuildConfiguration;
			buildSettings = {
				ALWAYS_SEARCH_USER_PATHS = NO;
				ASSETCATALOG_COMPILER_GENERATE_SWIFT_ASSET_SYMBOL_EXTENSIONS = YES;
				CLANG_ANALYZER_NONNULL = YES;
				CLANG_ANALYZER_NUMBER_OBJECT_CONVERSION = YES_AGGRESSIVE;
				CLANG_CXX_LANGUAGE_STANDARD = "gnu++20";
				CLANG_ENABLE_MODULES = YES;
				CLANG_ENABLE_OBJC_ARC = YES;
				CLANG_ENABLE_OBJC_WEAK = YES;
				CLANG_WARN_BLOCK_CAPTURE_AUTORELEASING = YES;
				CLANG_WARN_BOOL_CONVERSION = YES;
				CLANG_WARN_COMMA = YES;
				CLANG_WARN_CONSTANT_CONVERSION = YES;
				CLANG_WARN_DEPRECATED_OBJC_IMPLEMENTATIONS = YES;
				CLANG_WARN_DIRECT_OBJC_ISA_USAGE = YES_ERROR;
				CLANG_WARN_DOCUMENTATION_COMMENTS = YES;
				CLANG_WARN_EMPTY_BODY = YES;
				CLANG_WARN_ENUM_CONVERSION = YES;
				CLANG_WARN_INFINITE_RECURSION = YES;
				CLANG_WARN_INT_CONVERSION = YES;
				CLANG_WARN_NON_LITERAL_NULL_CONVERSION = YES;
				CLANG_WARN_OBJC_IMPLICIT_RETAIN_SELF = YES;
				CLANG_WARN_OBJC_LITERAL_CONVERSION = YES;
				CLANG_WARN_OBJC_ROOT_CLASS = YES_ERROR;
				CLANG_WARN_QUOTED_INCLUDE_IN_FRAMEWORK_HEADER = YES;
				CLANG_WARN_RANGE_LOOP_ANALYSIS = YES;
				CLANG_WARN_STRICT_PROTOTYPES = YES;
				CLANG_WARN_SUSPICIOUS_MOVE = YES;
				CLANG_WARN_UNGUARDED_AVAILABILITY = YES_AGGRESSIVE;
				CLANG_WARN_UNREACHABLE_CODE = YES;
				CLANG_WARN__DUPLICATE_METHOD_MATCH = YES;
				COPY_PHASE_STRIP = NO;
				DEBUG_INFORMATION_FORMAT = dwarf;
				ENABLE_STRICT_OBJC_MSGSEND = YES;
				ENABLE_TESTABILITY = YES;
				ENABLE_USER_SCRIPT_SANDBOXING = YES;
				GCC_C_LANGUAGE_STANDARD = gnu17;
				GCC_DYNAMIC_NO_PIC = NO;
				GCC_NO_COMMON_BLOCKS = YES;
				GCC_OPTIMIZATION_LEVEL = 0;
				GCC_PREPROCESSOR_DEFINITIONS = (
					"DEBUG=1",
					"$(inherited)",
				);
				GCC_WARN_64_TO_32_BIT_CONVERSION = YES;
				GCC_WARN_ABOUT_RETURN_TYPE = YES_ERROR;
				GCC_WARN_UNDECLARED_SELECTOR = YES;
				GCC_WARN_UNINITIALIZED_AUTOS = YES_AGGRESSIVE;
				GCC_WARN_UNUSED_FUNCTION = YES;
				GCC_WARN_UNUSED_VARIABLE = YES;
				IPHONEOS_DEPLOYMENT_TARGET = 16.0;
				LOCALIZATION_PREFERS_STRING_CATALOGS = YES;
				MTL_ENABLE_DEBUG_INFO = INCLUDE_SOURCE;
				MTL_FAST_MATH = YES;
				ONLY_ACTIVE_ARCH = YES;
				SDKROOT = iphoneos;
				SWIFT_ACTIVE_COMPILATION_CONDITIONS = "DEBUG $(inherited)";
				SWIFT_OPTIMIZATION_LEVEL = "-Onone";
			};
			name = Debug;
		};
		FA99A3AD2C7CF91D00D382F5 /* Release */ = {
			isa = XCBuildConfiguration;
			buildSettings = {
				ALWAYS_SEARCH_USER_PATHS = NO;
				ASSETCATALOG_COMPILER_GENERATE_SWIFT_ASSET_SYMBOL_EXTENSIONS = YES;
				CLANG_ANALYZER_NONNULL = YES;
				CLANG_ANALYZER_NUMBER_OBJECT_CONVERSION = YES_AGGRESSIVE;
				CLANG_CXX_LANGUAGE_STANDARD = "gnu++20";
				CLANG_ENABLE_MODULES = YES;
				CLANG_ENABLE_OBJC_ARC = YES;
				CLANG_ENABLE_OBJC_WEAK = YES;
				CLANG_WARN_BLOCK_CAPTURE_AUTORELEASING = YES;
				CLANG_WARN_BOOL_CONVERSION = YES;
				CLANG_WARN_COMMA = YES;
				CLANG_WARN_CONSTANT_CONVERSION = YES;
				CLANG_WARN_DEPRECATED_OBJC_IMPLEMENTATIONS = YES;
				CLANG_WARN_DIRECT_OBJC_ISA_USAGE = YES_ERROR;
				CLANG_WARN_DOCUMENTATION_COMMENTS = YES;
				CLANG_WARN_EMPTY_BODY = YES;
				CLANG_WARN_ENUM_CONVERSION = YES;
				CLANG_WARN_INFINITE_RECURSION = YES;
				CLANG_WARN_INT_CONVERSION = YES;
				CLANG_WARN_NON_LITERAL_NULL_CONVERSION = YES;
				CLANG_WARN_OBJC_IMPLICIT_RETAIN_SELF = YES;
				CLANG_WARN_OBJC_LITERAL_CONVERSION = YES;
				CLANG_WARN_OBJC_ROOT_CLASS = YES_ERROR;
				CLANG_WARN_QUOTED_INCLUDE_IN_FRAMEWORK_HEADER = YES;
				CLANG_WARN_RANGE_LOOP_ANALYSIS = YES;
				CLANG_WARN_STRICT_PROTOTYPES = YES;
				CLANG_WARN_SUSPICIOUS_MOVE = YES;
				CLANG_WARN_UNGUARDED_AVAILABILITY = YES_AGGRESSIVE;
				CLANG_WARN_UNREACHABLE_CODE = YES;
				CLANG_WARN__DUPLICATE_METHOD_MATCH = YES;
				COPY_PHASE_STRIP = NO;
				DEBUG_INFORMATION_FORMAT = "dwarf-with-dsym";
				ENABLE_NS_ASSERTIONS = NO;
				ENABLE_STRICT_OBJC_MSGSEND = YES;
				ENABLE_USER_SCRIPT_SANDBOXING = YES;
				GCC_C_LANGUAGE_STANDARD = gnu17;
				GCC_NO_COMMON_BLOCKS = YES;
				GCC_WARN_64_TO_32_BIT_CONVERSION = YES;
				GCC_WARN_ABOUT_RETURN_TYPE = YES_ERROR;
				GCC_WARN_UNDECLARED_SELECTOR = YES;
				GCC_WARN_UNINITIALIZED_AUTOS = YES_AGGRESSIVE;
				GCC_WARN_UNUSED_FUNCTION = YES;
				GCC_WARN_UNUSED_VARIABLE = YES;
				IPHONEOS_DEPLOYMENT_TARGET = 16.0;
				LOCALIZATION_PREFERS_STRING_CATALOGS = YES;
				MTL_ENABLE_DEBUG_INFO = NO;
				MTL_FAST_MATH = YES;
				SDKROOT = iphoneos;
				SWIFT_COMPILATION_MODE = wholemodule;
				VALIDATE_PRODUCT = YES;
			};
			name = Release;
		};
		FA99A3AF2C7CF91D00D382F5 /* Debug */ = {
			isa = XCBuildConfiguration;
			buildSettings = {
				ASSETCATALOG_COMPILER_APPICON_NAME = AppIcon;
				ASSETCATALOG_COMPILER_GLOBAL_ACCENT_COLOR_NAME = AccentColor;
				CODE_SIGN_STYLE = Automatic;
				CURRENT_PROJECT_VERSION = 1;
				DEVELOPMENT_ASSET_PATHS = "\"Gamedles/Preview Content\"";
				DEVELOPMENT_TEAM = 6P3ZM853J8;
				ENABLE_PREVIEWS = YES;
				GENERATE_INFOPLIST_FILE = YES;
				INFOPLIST_KEY_CFBundleDisplayName = Dayleez;
				INFOPLIST_KEY_UIApplicationSceneManifest_Generation = YES;
				INFOPLIST_KEY_UIApplicationSupportsIndirectInputEvents = YES;
				INFOPLIST_KEY_UILaunchScreen_Generation = YES;
				INFOPLIST_KEY_UISupportedInterfaceOrientations = UIInterfaceOrientationPortrait;
				INFOPLIST_KEY_UISupportedInterfaceOrientations_iPad = "UIInterfaceOrientationPortrait UIInterfaceOrientationPortraitUpsideDown";
				IPHONEOS_DEPLOYMENT_TARGET = 16;
				LD_RUNPATH_SEARCH_PATHS = (
					"$(inherited)",
					"@executable_path/Frameworks",
				);
				MARKETING_VERSION = 1.0;
				PRODUCT_BUNDLE_IDENTIFIER = com.HEJ.Dailies;
				PRODUCT_NAME = Gamedles;
				SUPPORTED_PLATFORMS = "iphoneos iphonesimulator";
				SUPPORTS_MACCATALYST = NO;
				SUPPORTS_MAC_DESIGNED_FOR_IPHONE_IPAD = NO;
				SUPPORTS_XR_DESIGNED_FOR_IPHONE_IPAD = NO;
				SWIFT_EMIT_LOC_STRINGS = YES;
				SWIFT_VERSION = 5.0;
				TARGETED_DEVICE_FAMILY = "1,2";
			};
			name = Debug;
		};
		FA99A3B02C7CF91D00D382F5 /* Release */ = {
			isa = XCBuildConfiguration;
			buildSettings = {
				ASSETCATALOG_COMPILER_APPICON_NAME = AppIcon;
				ASSETCATALOG_COMPILER_GLOBAL_ACCENT_COLOR_NAME = AccentColor;
				CODE_SIGN_STYLE = Automatic;
				CURRENT_PROJECT_VERSION = 1;
				DEVELOPMENT_ASSET_PATHS = "\"Gamedles/Preview Content\"";
				DEVELOPMENT_TEAM = 6P3ZM853J8;
				ENABLE_PREVIEWS = YES;
				GENERATE_INFOPLIST_FILE = YES;
				INFOPLIST_KEY_CFBundleDisplayName = Dayleez;
				INFOPLIST_KEY_UIApplicationSceneManifest_Generation = YES;
				INFOPLIST_KEY_UIApplicationSupportsIndirectInputEvents = YES;
				INFOPLIST_KEY_UILaunchScreen_Generation = YES;
				INFOPLIST_KEY_UISupportedInterfaceOrientations = UIInterfaceOrientationPortrait;
				INFOPLIST_KEY_UISupportedInterfaceOrientations_iPad = "UIInterfaceOrientationPortrait UIInterfaceOrientationPortraitUpsideDown";
				IPHONEOS_DEPLOYMENT_TARGET = 16;
				LD_RUNPATH_SEARCH_PATHS = (
					"$(inherited)",
					"@executable_path/Frameworks",
				);
				MARKETING_VERSION = 1.0;
				PRODUCT_BUNDLE_IDENTIFIER = com.HEJ.Dailies;
				PRODUCT_NAME = Gamedles;
				SUPPORTED_PLATFORMS = "iphoneos iphonesimulator";
				SUPPORTS_MACCATALYST = NO;
				SUPPORTS_MAC_DESIGNED_FOR_IPHONE_IPAD = NO;
				SUPPORTS_XR_DESIGNED_FOR_IPHONE_IPAD = NO;
				SWIFT_EMIT_LOC_STRINGS = YES;
				SWIFT_VERSION = 5.0;
				TARGETED_DEVICE_FAMILY = "1,2";
			};
			name = Release;
		};
/* End XCBuildConfiguration section */

/* Begin XCConfigurationList section */
		FA99A39B2C7CF91D00D382F5 /* Build configuration list for PBXProject "Gamedles" */ = {
			isa = XCConfigurationList;
			buildConfigurations = (
				FA99A3AC2C7CF91D00D382F5 /* Debug */,
				FA99A3AD2C7CF91D00D382F5 /* Release */,
			);
			defaultConfigurationIsVisible = 0;
			defaultConfigurationName = Release;
		};
		FA99A3AE2C7CF91D00D382F5 /* Build configuration list for PBXNativeTarget "Gamedles" */ = {
			isa = XCConfigurationList;
			buildConfigurations = (
				FA99A3AF2C7CF91D00D382F5 /* Debug */,
				FA99A3B02C7CF91D00D382F5 /* Release */,
			);
			defaultConfigurationIsVisible = 0;
			defaultConfigurationName = Release;
		};
/* End XCConfigurationList section */
	};
	rootObject = FA99A3982C7CF91D00D382F5 /* Project object */;
}
